// !$*UTF8*$!
{
	archiveVersion = 1;
	classes = {
	};
	objectVersion = 46;
	objects = {

/* Begin PBXBuildFile section */
		2903CA191A5851780090C615 /* AppDelegate.swift in Sources */ = {isa = PBXBuildFile; fileRef = 2903CA181A5851780090C615 /* AppDelegate.swift */; };
		2903CA1B1A5851780090C615 /* ViewController.swift in Sources */ = {isa = PBXBuildFile; fileRef = 2903CA1A1A5851780090C615 /* ViewController.swift */; };
		2903CA1E1A5851780090C615 /* Main.storyboard in Resources */ = {isa = PBXBuildFile; fileRef = 2903CA1C1A5851780090C615 /* Main.storyboard */; };
		2903CA201A5851780090C615 /* Images.xcassets in Resources */ = {isa = PBXBuildFile; fileRef = 2903CA1F1A5851780090C615 /* Images.xcassets */; };
		2903CA231A5851780090C615 /* LaunchScreen.xib in Resources */ = {isa = PBXBuildFile; fileRef = 2903CA211A5851780090C615 /* LaunchScreen.xib */; };
		2903CA2F1A5851790090C615 /* TestSummflowerTests.swift in Sources */ = {isa = PBXBuildFile; fileRef = 2903CA2E1A5851790090C615 /* TestSummflowerTests.swift */; };
/* End PBXBuildFile section */

/* Begin PBXContainerItemProxy section */
		2903CA291A5851790090C615 /* PBXContainerItemProxy */ = {
			isa = PBXContainerItemProxy;
			containerPortal = 2903CA0B1A5851780090C615 /* Project object */;
			proxyType = 1;
			remoteGlobalIDString = 2903CA121A5851780090C615;
			remoteInfo = TestSummflower;
		};
/* End PBXContainerItemProxy section */

/* Begin PBXFileReference section */
		2903CA131A5851780090C615 /* TestSummflower.app */ = {isa = PBXFileReference; explicitFileType = wrapper.application; includeInIndex = 0; path = TestSummflower.app; sourceTree = BUILT_PRODUCTS_DIR; };
		2903CA171A5851780090C615 /* Info.plist */ = {isa = PBXFileReference; lastKnownFileType = text.plist.xml; path = Info.plist; sourceTree = "<group>"; };
		2903CA181A5851780090C615 /* AppDelegate.swift */ = {isa = PBXFileReference; lastKnownFileType = sourcecode.swift; path = AppDelegate.swift; sourceTree = "<group>"; };
		2903CA1A1A5851780090C615 /* ViewController.swift */ = {isa = PBXFileReference; lastKnownFileType = sourcecode.swift; path = ViewController.swift; sourceTree = "<group>"; };
		2903CA1D1A5851780090C615 /* Base */ = {isa = PBXFileReference; lastKnownFileType = file.storyboard; name = Base; path = Base.lproj/Main.storyboard; sourceTree = "<group>"; };
		2903CA1F1A5851780090C615 /* Images.xcassets */ = {isa = PBXFileReference; lastKnownFileType = folder.assetcatalog; path = Images.xcassets; sourceTree = "<group>"; };
		2903CA221A5851780090C615 /* Base */ = {isa = PBXFileReference; lastKnownFileType = file.xib; name = Base; path = Base.lproj/LaunchScreen.xib; sourceTree = "<group>"; };
		2903CA281A5851790090C615 /* TestSummflowerTests.xctest */ = {isa = PBXFileReference; explicitFileType = wrapper.cfbundle; includeInIndex = 0; path = TestSummflowerTests.xctest; sourceTree = BUILT_PRODUCTS_DIR; };
		2903CA2D1A5851790090C615 /* Info.plist */ = {isa = PBXFileReference; lastKnownFileType = text.plist.xml; path = Info.plist; sourceTree = "<group>"; };
		2903CA2E1A5851790090C615 /* TestSummflowerTests.swift */ = {isa = PBXFileReference; lastKnownFileType = sourcecode.swift; path = TestSummflowerTests.swift; sourceTree = "<group>"; };
/* End PBXFileReference section */

/* Begin PBXFrameworksBuildPhase section */
		2903CA101A5851780090C615 /* Frameworks */ = {
			isa = PBXFrameworksBuildPhase;
			buildActionMask = 2147483647;
			files = (
			);
			runOnlyForDeploymentPostprocessing = 0;
		};
		2903CA251A5851790090C615 /* Frameworks */ = {
			isa = PBXFrameworksBuildPhase;
			buildActionMask = 2147483647;
			files = (
			);
			runOnlyForDeploymentPostprocessing = 0;
		};
/* End PBXFrameworksBuildPhase section */

/* Begin PBXGroup section */
		2903CA0A1A5851780090C615 = {
			isa = PBXGroup;
			children = (
				2903CA151A5851780090C615 /* TestSummflower */,
				2903CA2B1A5851790090C615 /* TestSummflowerTests */,
				2903CA141A5851780090C615 /* Products */,
			);
			sourceTree = "<group>";
		};
		2903CA141A5851780090C615 /* Products */ = {
			isa = PBXGroup;
			children = (
				2903CA131A5851780090C615 /* TestSummflower.app */,
				2903CA281A5851790090C615 /* TestSummflowerTests.xctest */,
			);
			name = Products;
			sourceTree = "<group>";
		};
		2903CA151A5851780090C615 /* TestSummflower */ = {
			isa = PBXGroup;
			children = (
				2903CA181A5851780090C615 /* AppDelegate.swift */,
				2903CA1A1A5851780090C615 /* ViewController.swift */,
				2903CA1C1A5851780090C615 /* Main.storyboard */,
				2903CA1F1A5851780090C615 /* Images.xcassets */,
				2903CA211A5851780090C615 /* LaunchScreen.xib */,
				2903CA161A5851780090C615 /* Supporting Files */,
			);
			path = TestSummflower;
			sourceTree = "<group>";
		};
		2903CA161A5851780090C615 /* Supporting Files */ = {
			isa = PBXGroup;
			children = (
				2903CA171A5851780090C615 /* Info.plist */,
			);
			name = "Supporting Files";
			sourceTree = "<group>";
		};
		2903CA2B1A5851790090C615 /* TestSummflowerTests */ = {
			isa = PBXGroup;
			children = (
				2903CA2E1A5851790090C615 /* TestSummflowerTests.swift */,
				2903CA2C1A5851790090C615 /* Supporting Files */,
			);
			path = TestSummflowerTests;
			sourceTree = "<group>";
		};
		2903CA2C1A5851790090C615 /* Supporting Files */ = {
			isa = PBXGroup;
			children = (
				2903CA2D1A5851790090C615 /* Info.plist */,
			);
			name = "Supporting Files";
			sourceTree = "<group>";
		};
/* End PBXGroup section */

/* Begin PBXNativeTarget section */
		2903CA121A5851780090C615 /* TestSummflower */ = {
			isa = PBXNativeTarget;
			buildConfigurationList = 2903CA321A5851790090C615 /* Build configuration list for PBXNativeTarget "TestSummflower" */;
			buildPhases = (
				2903CA0F1A5851780090C615 /* Sources */,
				2903CA101A5851780090C615 /* Frameworks */,
				2903CA111A5851780090C615 /* Resources */,
			);
			buildRules = (
			);
			dependencies = (
			);
			name = TestSummflower;
			productName = TestSummflower;
			productReference = 2903CA131A5851780090C615 /* TestSummflower.app */;
			productType = "com.apple.product-type.application";
		};
		2903CA271A5851790090C615 /* TestSummflowerTests */ = {
			isa = PBXNativeTarget;
			buildConfigurationList = 2903CA351A5851790090C615 /* Build configuration list for PBXNativeTarget "TestSummflowerTests" */;
			buildPhases = (
				2903CA241A5851790090C615 /* Sources */,
				2903CA251A5851790090C615 /* Frameworks */,
				2903CA261A5851790090C615 /* Resources */,
			);
			buildRules = (
			);
			dependencies = (
				2903CA2A1A5851790090C615 /* PBXTargetDependency */,
			);
			name = TestSummflowerTests;
			productName = TestSummflowerTests;
			productReference = 2903CA281A5851790090C615 /* TestSummflowerTests.xctest */;
			productType = "com.apple.product-type.bundle.unit-test";
		};
/* End PBXNativeTarget section */

/* Begin PBXProject section */
		2903CA0B1A5851780090C615 /* Project object */ = {
			isa = PBXProject;
			attributes = {
				LastUpgradeCheck = 0610;
				ORGANIZATIONNAME = SMApps;
				TargetAttributes = {
					2903CA121A5851780090C615 = {
						CreatedOnToolsVersion = 6.1;
					};
					2903CA271A5851790090C615 = {
						CreatedOnToolsVersion = 6.1;
						TestTargetID = 2903CA121A5851780090C615;
					};
				};
			};
			buildConfigurationList = 2903CA0E1A5851780090C615 /* Build configuration list for PBXProject "TestSummflower" */;
			compatibilityVersion = "Xcode 3.2";
			developmentRegion = English;
			hasScannedForEncodings = 0;
			knownRegions = (
				en,
				Base,
			);
			mainGroup = 2903CA0A1A5851780090C615;
			productRefGroup = 2903CA141A5851780090C615 /* Products */;
			projectDirPath = "";
			projectRoot = "";
			targets = (
				2903CA121A5851780090C615 /* TestSummflower */,
				2903CA271A5851790090C615 /* TestSummflowerTests */,
			);
		};
/* End PBXProject section */

/* Begin PBXResourcesBuildPhase section */
		2903CA111A5851780090C615 /* Resources */ = {
			isa = PBXResourcesBuildPhase;
			buildActionMask = 2147483647;
			files = (
				2903CA1E1A5851780090C615 /* Main.storyboard in Resources */,
				2903CA231A5851780090C615 /* LaunchScreen.xib in Resources */,
				2903CA201A5851780090C615 /* Images.xcassets in Resources */,
			);
			runOnlyForDeploymentPostprocessing = 0;
		};
		2903CA261A5851790090C615 /* Resources */ = {
			isa = PBXResourcesBuildPhase;
			buildActionMask = 2147483647;
			files = (
			);
			runOnlyForDeploymentPostprocessing = 0;
		};
/* End PBXResourcesBuildPhase section */

/* Begin PBXSourcesBuildPhase section */
		2903CA0F1A5851780090C615 /* Sources */ = {
			isa = PBXSourcesBuildPhase;
			buildActionMask = 2147483647;
			files = (
				2903CA1B1A5851780090C615 /* ViewController.swift in Sources */,
				2903CA191A5851780090C615 /* AppDelegate.swift in Sources */,
			);
			runOnlyForDeploymentPostprocessing = 0;
		};
		2903CA241A5851790090C615 /* Sources */ = {
			isa = PBXSourcesBuildPhase;
			buildActionMask = 2147483647;
			files = (
				2903CA2F1A5851790090C615 /* TestSummflowerTests.swift in Sources */,
			);
			runOnlyForDeploymentPostprocessing = 0;
		};
/* End PBXSourcesBuildPhase section */

/* Begin PBXTargetDependency section */
		2903CA2A1A5851790090C615 /* PBXTargetDependency */ = {
			isa = PBXTargetDependency;
			target = 2903CA121A5851780090C615 /* TestSummflower */;
			targetProxy = 2903CA291A5851790090C615 /* PBXContainerItemProxy */;
		};
/* End PBXTargetDependency section */

/* Begin PBXVariantGroup section */
		2903CA1C1A5851780090C615 /* Main.storyboard */ = {
			isa = PBXVariantGroup;
			children = (
				2903CA1D1A5851780090C615 /* Base */,
			);
			name = Main.storyboard;
			sourceTree = "<group>";
		};
		2903CA211A5851780090C615 /* LaunchScreen.xib */ = {
			isa = PBXVariantGroup;
			children = (
				2903CA221A5851780090C615 /* Base */,
			);
			name = LaunchScreen.xib;
			sourceTree = "<group>";
		};
/* End PBXVariantGroup section */

/* Begin XCBuildConfiguration section */
		2903CA301A5851790090C615 /* Debug */ = {
			isa = XCBuildConfiguration;
			buildSettings = {
				ALWAYS_SEARCH_USER_PATHS = NO;
				CLANG_CXX_LANGUAGE_STANDARD = "gnu++0x";
				CLANG_CXX_LIBRARY = "libc++";
				CLANG_ENABLE_MODULES = YES;
				CLANG_ENABLE_OBJC_ARC = YES;
				CLANG_WARN_BOOL_CONVERSION = YES;
				CLANG_WARN_CONSTANT_CONVERSION = YES;
				CLANG_WARN_DIRECT_OBJC_ISA_USAGE = YES_ERROR;
				CLANG_WARN_EMPTY_BODY = YES;
				CLANG_WARN_ENUM_CONVERSION = YES;
				CLANG_WARN_INT_CONVERSION = YES;
				CLANG_WARN_OBJC_ROOT_CLASS = YES_ERROR;
				CLANG_WARN_UNREACHABLE_CODE = YES;
				CLANG_WARN__DUPLICATE_METHOD_MATCH = YES;
				"CODE_SIGN_IDENTITY[sdk=iphoneos*]" = "iPhone Developer";
				COPY_PHASE_STRIP = NO;
				ENABLE_STRICT_OBJC_MSGSEND = YES;
				GCC_C_LANGUAGE_STANDARD = gnu99;
				GCC_DYNAMIC_NO_PIC = NO;
				GCC_OPTIMIZATION_LEVEL = 0;
				GCC_PREPROCESSOR_DEFINITIONS = (
					"DEBUG=1",
					"$(inherited)",
				);
				GCC_SYMBOLS_PRIVATE_EXTERN = NO;
				GCC_WARN_64_TO_32_BIT_CONVERSION = YES;
				GCC_WARN_ABOUT_RETURN_TYPE = YES_ERROR;
				GCC_WARN_UNDECLARED_SELECTOR = YES;
				GCC_WARN_UNINITIALIZED_AUTOS = YES_AGGRESSIVE;
				GCC_WARN_UNUSED_FUNCTION = YES;
				GCC_WARN_UNUSED_VARIABLE = YES;
				IPHONEOS_DEPLOYMENT_TARGET = 8.1;
				MTL_ENABLE_DEBUG_INFO = YES;
				ONLY_ACTIVE_ARCH = YES;
				SDKROOT = iphoneos;
				SWIFT_OPTIMIZATION_LEVEL = "-Onone";
			};
			name = Debug;
		};
		2903CA311A5851790090C615 /* Release */ = {
			isa = XCBuildConfiguration;
			buildSettings = {
				ALWAYS_SEARCH_USER_PATHS = NO;
				CLANG_CXX_LANGUAGE_STANDARD = "gnu++0x";
				CLANG_CXX_LIBRARY = "libc++";
				CLANG_ENABLE_MODULES = YES;
				CLANG_ENABLE_OBJC_ARC = YES;
				CLANG_WARN_BOOL_CONVERSION = YES;
				CLANG_WARN_CONSTANT_CONVERSION = YES;
				CLANG_WARN_DIRECT_OBJC_ISA_USAGE = YES_ERROR;
				CLANG_WARN_EMPTY_BODY = YES;
				CLANG_WARN_ENUM_CONVERSION = YES;
				CLANG_WARN_INT_CONVERSION = YES;
				CLANG_WARN_OBJC_ROOT_CLASS = YES_ERROR;
				CLANG_WARN_UNREACHABLE_CODE = YES;
				CLANG_WARN__DUPLICATE_METHOD_MATCH = YES;
				"CODE_SIGN_IDENTITY[sdk=iphoneos*]" = "iPhone Developer";
				COPY_PHASE_STRIP = YES;
				ENABLE_NS_ASSERTIONS = NO;
				ENABLE_STRICT_OBJC_MSGSEND = YES;
				GCC_C_LANGUAGE_STANDARD = gnu99;
				GCC_WARN_64_TO_32_BIT_CONVERSION = YES;
				GCC_WARN_ABOUT_RETURN_TYPE = YES_ERROR;
				GCC_WARN_UNDECLARED_SELECTOR = YES;
				GCC_WARN_UNINITIALIZED_AUTOS = YES_AGGRESSIVE;
				GCC_WARN_UNUSED_FUNCTION = YES;
				GCC_WARN_UNUSED_VARIABLE = YES;
				IPHONEOS_DEPLOYMENT_TARGET = 8.1;
				MTL_ENABLE_DEBUG_INFO = NO;
				SDKROOT = iphoneos;
				VALIDATE_PRODUCT = YES;
			};
			name = Release;
		};
		2903CA331A5851790090C615 /* Debug */ = {
			isa = XCBuildConfiguration;
			buildSettings = {
				ASSETCATALOG_COMPILER_APPICON_NAME = AppIcon;
				INFOPLIST_FILE = TestSummflower/Info.plist;
				LD_RUNPATH_SEARCH_PATHS = "$(inherited) @executable_path/Frameworks";
				PRODUCT_NAME = "$(TARGET_NAME)";
			};
			name = Debug;
		};
		2903CA341A5851790090C615 /* Release */ = {
			isa = XCBuildConfiguration;
			buildSettings = {
				ASSETCATALOG_COMPILER_APPICON_NAME = AppIcon;
				INFOPLIST_FILE = TestSummflower/Info.plist;
				LD_RUNPATH_SEARCH_PATHS = "$(inherited) @executable_path/Frameworks";
				PRODUCT_NAME = "$(TARGET_NAME)";
			};
			name = Release;
		};
		2903CA361A5851790090C615 /* Debug */ = {
			isa = XCBuildConfiguration;
			buildSettings = {
				BUNDLE_LOADER = "$(TEST_HOST)";
				FRAMEWORK_SEARCH_PATHS = (
					"$(SDKROOT)/Developer/Library/Frameworks",
					"$(inherited)",
				);
				GCC_PREPROCESSOR_DEFINITIONS = (
					"DEBUG=1",
					"$(inherited)",
				);
				INFOPLIST_FILE = TestSummflowerTests/Info.plist;
				LD_RUNPATH_SEARCH_PATHS = "$(inherited) @executable_path/Frameworks @loader_path/Frameworks";
				PRODUCT_NAME = "$(TARGET_NAME)";
				TEST_HOST = "$(BUILT_PRODUCTS_DIR)/TestSummflower.app/TestSummflower";
			};
			name = Debug;
		};
		2903CA371A5851790090C615 /* Release */ = {
			isa = XCBuildConfiguration;
			buildSettings = {
				BUNDLE_LOADER = "$(TEST_HOST)";
				FRAMEWORK_SEARCH_PATHS = (
					"$(SDKROOT)/Developer/Library/Frameworks",
					"$(inherited)",
				);
				INFOPLIST_FILE = TestSummflowerTests/Info.plist;
				LD_RUNPATH_SEARCH_PATHS = "$(inherited) @executable_path/Frameworks @loader_path/Frameworks";
				PRODUCT_NAME = "$(TARGET_NAME)";
				TEST_HOST = "$(BUILT_PRODUCTS_DIR)/TestSummflower.app/TestSummflower";
			};
			name = Release;
		};
/* End XCBuildConfiguration section */

/* Begin XCConfigurationList section */
		2903CA0E1A5851780090C615 /* Build configuration list for PBXProject "TestSummflower" */ = {
			isa = XCConfigurationList;
			buildConfigurations = (
				2903CA301A5851790090C615 /* Debug */,
				2903CA311A5851790090C615 /* Release */,
			);
			defaultConfigurationIsVisible = 0;
			defaultConfigurationName = Release;
		};
		2903CA321A5851790090C615 /* Build configuration list for PBXNativeTarget "TestSummflower" */ = {
			isa = XCConfigurationList;
			buildConfigurations = (
				2903CA331A5851790090C615 /* Debug */,
				2903CA341A5851790090C615 /* Release */,
			);
			defaultConfigurationIsVisible = 0;
		};
		2903CA351A5851790090C615 /* Build configuration list for PBXNativeTarget "TestSummflowerTests" */ = {
			isa = XCConfigurationList;
			buildConfigurations = (
				2903CA361A5851790090C615 /* Debug */,
				2903CA371A5851790090C615 /* Release */,
			);
			defaultConfigurationIsVisible = 0;
		};
/* End XCConfigurationList section */
	};
	rootObject = 2903CA0B1A5851780090C615 /* Project object */;
}
